
Microsoft Visual Studio Solution File, Format Version 12.00
# Visual Studio Version 18
VisualStudioVersion = 18.6.11828.311
MinimumVisualStudioVersion = 10.0.40219.1
Project("{2150E333-8FDC-42A3-9474-1A3956D46DE8}") = "01. Backend", "01. Backend", "{02EA681E-C7D8-13C7-8484-4AC65E1B71E8}"
EndProject
Project("{2150E333-8FDC-42A3-9474-1A3956D46DE8}") = "02. DGSP Web Core", "02. DGSP Web Core", "{4ECEE2E0-B1CF-4170-A03A-6883BFE2ACC9}"
EndProject
Project("{2150E333-8FDC-42A3-9474-1A3956D46DE8}") = "04. Frontend", "04. Frontend", "{B9678CE3-F627-46CE-ADBE-94C97E592878}"
EndProject
Project("{FAE04EC0-301F-11D3-BF4B-00C04F79EFBC}") = "DGSP.Gateway.Proxy", "Api.Gateway.WebClient.Proxy\DGSP.Gateway.Proxy.csproj", "{BF0FD087-E9FE-15F3-20D6-3DD8202CC29E}"
EndProject
Project("{FAE04EC0-301F-11D3-BF4B-00C04F79EFBC}") = "Clients.WebClient", "Client DGSP\Clients.WebClient\Clients.WebClient.csproj", "{CD13E7B6-14D8-75D4-5EE6-EE9B44808452}"
EndProject
Project("{2150E333-8FDC-42A3-9474-1A3956D46DE8}") = "03. Shared", "03. Shared", "{FF042CFD-84F6-4B27-AD0A-82FDDA70FD7A}"
EndProject
Project("{FAE04EC0-301F-11D3-BF4B-00C04F79EFBC}") = "DGSP.Shared.Domain", "DGSP.Shared.Domain\DGSP.Shared.Domain.csproj", "{DEA40D7A-1C2A-4895-9E77-C92509618AB6}"
EndProject
Project("{FAE04EC0-301F-11D3-BF4B-00C04F79EFBC}") = "DGSP.Shared.Contracts", "DGSP.Shared.Contracts\DGSP.Shared.Contracts.csproj", "{1E6D227E-50AD-420C-A6C6-1632A4B321BF}"
EndProject
Project("{FAE04EC0-301F-11D3-BF4B-00C04F79EFBC}") = "DGSP.Shared.Infrastructure", "DGSP.Shared.Infrastructure\DGSP.Shared.Infrastructure.csproj", "{2CB6F8A9-DB92-4007-B35D-049FCB3F17F1}"
EndProject
Project("{2150E333-8FDC-42A3-9474-1A3956D46DE8}") = "Medicos", "Medicos", "{30A19276-ADA1-4256-BAFB-72BF52FF8412}"
EndProject
Project("{2150E333-8FDC-42A3-9474-1A3956D46DE8}") = "Seguros", "Seguros", "{690ECDFB-1A6E-4047-A446-D759A8D31319}"
EndProject
Project("{2150E333-8FDC-42A3-9474-1A3956D46DE8}") = "DGRH", "DGRH", "{9AA16FBF-F58C-4013-B2E1-AFBE3DCA52D5}"
EndProject
Project("{FAE04EC0-301F-11D3-BF4B-00C04F79EFBC}") = "DGSP.Module.SMedicos.Domain", "DGSP.Module.SMedicos.Domain\DGSP.Module.SMedicos.Domain.csproj", "{4F387676-C6A4-4DF1-9FED-F1D6ACD665C8}"
EndProject
Project("{FAE04EC0-301F-11D3-BF4B-00C04F79EFBC}") = "DGSP.Module.SMedicos.Application", "DGSP.Module.SMedicos.Application\DGSP.Module.SMedicos.Application.csproj", "{AD9F1FBC-E706-483E-B226-A91296CB4C8C}"
EndProject
Project("{FAE04EC0-301F-11D3-BF4B-00C04F79EFBC}") = "DGSP.Module.SMedicos.Persistence", "DGSP.Module.SMedicos.Persistence\DGSP.Module.SMedicos.Persistence.csproj", "{BBBC18B8-6C2C-4080-AC5F-4FE9A20CB290}"
EndProject
Project("{FAE04EC0-301F-11D3-BF4B-00C04F79EFBC}") = "DGSP.API", "DGSP.API\DGSP.API.csproj", "{C5C83426-5B22-4A45-92D1-6520D2C86D0D}"
EndProject
Project("{2150E333-8FDC-42A3-9474-1A3956D46DE8}") = "Catalogos", "Catalogos", "{EECED1FB-C3AE-42D0-A903-455B888463CE}"
EndProject
Project("{FAE04EC0-301F-11D3-BF4B-00C04F79EFBC}") = "DGSP.Module.Catalogos.Domain", "DGSP.Module.Catalogos.Domain\DGSP.Module.Catalogos.Domain.csproj", "{155265D1-9545-4939-BCA5-9B637188E0E7}"
EndProject
Project("{FAE04EC0-301F-11D3-BF4B-00C04F79EFBC}") = "DGSP.Module.Catalogos.Application", "DGSP.Module.Catalogos.Application\DGSP.Module.Catalogos.Application.csproj", "{1E56DE79-196B-4D42-89A8-71B7AEDDA154}"
EndProject
Project("{FAE04EC0-301F-11D3-BF4B-00C04F79EFBC}") = "DGSP.Module.Catalogos.Persistence", "DGSP.Module.Catalogos.Persistence\DGSP.Module.Catalogos.Persistence.csproj", "{1DB7E605-3762-4FE4-A141-44F0D2E55DD6}"
EndProject
Project("{2150E333-8FDC-42A3-9474-1A3956D46DE8}") = "Estatus", "Estatus", "{47B09538-129E-4AB1-ADE0-C71A95FF6F7C}"
EndProject
Project("{FAE04EC0-301F-11D3-BF4B-00C04F79EFBC}") = "DGSP.Module.Estatus.Application", "DGSP.Module.Estatus.Application\DGSP.Module.Estatus.Application.csproj", "{4D6A6F58-BBC4-472F-BF0D-036066A40165}"
EndProject
Project("{FAE04EC0-301F-11D3-BF4B-00C04F79EFBC}") = "DGSP.Module.Estatus.Domain", "DGSP.Module.Estatus.Domain\DGSP.Module.Estatus.Domain.csproj", "{78F6E39E-A82A-49DC-AE28-0878E2D4312B}"
EndProject
Project("{FAE04EC0-301F-11D3-BF4B-00C04F79EFBC}") = "DGSP.Module.Estatus.Persistence", "DGSP.Module.Estatus.Persistence\DGSP.Module.Estatus.Persistence.csproj", "{E61DC2B3-A99A-413E-BD1F-160D71D37C51}"
EndProject
Project("{FAE04EC0-301F-11D3-BF4B-00C04F79EFBC}") = "Clients.Services", "Clients.Services\Clients.Services.csproj", "{2DEE6C4A-F672-2F9D-F575-3543CB829622}"
EndProject
Project("{2150E333-8FDC-42A3-9474-1A3956D46DE8}") = "Permisos", "Permisos", "{CC955E1F-1AD6-46C5-9DD4-03D53824FEAE}"
EndProject
Project("{2150E333-8FDC-42A3-9474-1A3956D46DE8}") = "Modulos", "Modulos", "{CB08AA08-D7EC-4271-B073-D20E0A4B432C}"
EndProject
Project("{FAE04EC0-301F-11D3-BF4B-00C04F79EFBC}") = "DGSP.Module.Modulos.Domain", "DGSP.Module.Modulos.Domain\DGSP.Module.Modulos.Domain.csproj", "{30236684-CC71-41A4-A5CF-9702112ECFCC}"
EndProject
Project("{FAE04EC0-301F-11D3-BF4B-00C04F79EFBC}") = "DGSP.Module.Modulos.Persistence", "DGSP.Module.Modulos.Persistence\DGSP.Module.Modulos.Persistence.csproj", "{A858457A-C7F7-4B39-B022-62578D4AF32E}"
EndProject
Project("{FAE04EC0-301F-11D3-BF4B-00C04F79EFBC}") = "DGSP.Module.Modulos.Application", "DGSP.Module.Modulos.Application\DGSP.Module.Modulos.Application.csproj", "{7A625576-9E3D-4E75-8167-6B2DA430ACE1}"
EndProject
Project("{FAE04EC0-301F-11D3-BF4B-00C04F79EFBC}") = "DGSP.Module.Permisos.Domain", "DGSP.Module.Permisos.Domain\DGSP.Module.Permisos.Domain.csproj", "{412844EF-319E-4E69-B05B-38DFA8BBA637}"
EndProject
Project("{FAE04EC0-301F-11D3-BF4B-00C04F79EFBC}") = "DGSP.Module.Permisos.Persistence", "DGSP.Module.Permisos.Persistence\DGSP.Module.Permisos.Persistence.csproj", "{C3650B84-A22C-4CC7-96BF-433F25EC3A36}"
EndProject
Project("{FAE04EC0-301F-11D3-BF4B-00C04F79EFBC}") = "DGSP.Module.Permisos.Application", "DGSP.Module.Permisos.Application\DGSP.Module.Permisos.Application.csproj", "{A278CFEE-2AA4-4AEC-BCFF-AFFFF4FD39B3}"
EndProject
Project("{2150E333-8FDC-42A3-9474-1A3956D46DE8}") = "Usuarios", "Usuarios", "{6F6DE44C-7AE6-4566-8633-BCB0C75A59F0}"
EndProject
Project("{FAE04EC0-301F-11D3-BF4B-00C04F79EFBC}") = "DGSP.Module.Usuarios.Application", "DGSP.Module.Usuarios.Application\DGSP.Module.Usuarios.Application.csproj", "{8D95CF32-92F6-46CF-9345-BBA3765D0699}"
EndProject
Project("{FAE04EC0-301F-11D3-BF4B-00C04F79EFBC}") = "DGSP.Module.Usuarios.Persistence", "DGSP.Module.Usuarios.Persistence\DGSP.Module.Usuarios.Persistence.csproj", "{00740FF6-C475-4D9D-8DE4-E6D5E80B0460}"
EndProject
Project("{FAE04EC0-301F-11D3-BF4B-00C04F79EFBC}") = "DGSP.Module.Usuarios.Domain", "DGSP.Module.Usuarios.Domain\DGSP.Module.Usuarios.Domain.csproj", "{318F27FA-76AE-4B12-973E-6313FFDB8D03}"
EndProject
Project("{FAE04EC0-301F-11D3-BF4B-00C04F79EFBC}") = "DGSP.Module.DGRH.Domain", "DGSP.Module.DGRH.Domain\DGSP.Module.DGRH.Domain.csproj", "{CCC61793-1308-A4CA-9805-7B71EF8D3D1D}"
EndProject
Project("{FAE04EC0-301F-11D3-BF4B-00C04F79EFBC}") = "DGSP.Module.DGRH.Application", "DGSP.Module.DGRH.Application\DGSP.Module.DGRH.Application.csproj", "{2F6A392B-F25B-A1B2-6A4C-AF0EC41110E2}"
EndProject
Project("{FAE04EC0-301F-11D3-BF4B-00C04F79EFBC}") = "DGSP.Module.DGRH.Persistence", "DGSP.Module.DGRH.Persistence\DGSP.Module.DGRH.Persistence.csproj", "{C11CA264-0FB5-7137-F95A-4F32D34D22F2}"
EndProject
Project("{FAE04EC0-301F-11D3-BF4B-00C04F79EFBC}") = "DGSP.Module.Seguros.Domain", "DGSP.Module.Seguros.Domain\DGSP.Module.Seguros.Domain.csproj", "{15E341E2-9061-D7C7-7CA6-2C247EC9D185}"
EndProject
Project("{FAE04EC0-301F-11D3-BF4B-00C04F79EFBC}") = "DGSP.Module.Seguros.Persistence", "DGSP.Module.Seguros.Persistence\DGSP.Module.Seguros.Persistence.csproj", "{D608915B-8CF2-74B5-2286-8223C917916C}"
EndProject
Project("{FAE04EC0-301F-11D3-BF4B-00C04F79EFBC}") = "DGSP.Module.Seguros.Application", "DGSP.Module.Seguros.Application\DGSP.Module.Seguros.Application.csproj", "{71B1A5F1-9267-D709-638C-0739BF192C30}"
EndProject
Global
	GlobalSection(SolutionConfigurationPlatforms) = preSolution
		Debug|Any CPU = Debug|Any CPU
		Release|Any CPU = Release|Any CPU
	EndGlobalSection
	GlobalSection(ProjectConfigurationPlatforms) = postSolution
		{BF0FD087-E9FE-15F3-20D6-3DD8202CC29E}.Debug|Any CPU.ActiveCfg = Debug|Any CPU
		{BF0FD087-E9FE-15F3-20D6-3DD8202CC29E}.Debug|Any CPU.Build.0 = Debug|Any CPU
		{BF0FD087-E9FE-15F3-20D6-3DD8202CC29E}.Release|Any CPU.ActiveCfg = Release|Any CPU
		{BF0FD087-E9FE-15F3-20D6-3DD8202CC29E}.Release|Any CPU.Build.0 = Release|Any CPU
		{CD13E7B6-14D8-75D4-5EE6-EE9B44808452}.Debug|Any CPU.ActiveCfg = Debug|Any CPU
		{CD13E7B6-14D8-75D4-5EE6-EE9B44808452}.Debug|Any CPU.Build.0 = Debug|Any CPU
		{CD13E7B6-14D8-75D4-5EE6-EE9B44808452}.Release|Any CPU.ActiveCfg = Release|Any CPU
		{CD13E7B6-14D8-75D4-5EE6-EE9B44808452}.Release|Any CPU.Build.0 = Release|Any CPU
		{DEA40D7A-1C2A-4895-9E77-C92509618AB6}.Debug|Any CPU.ActiveCfg = Debug|Any CPU
		{DEA40D7A-1C2A-4895-9E77-C92509618AB6}.Debug|Any CPU.Build.0 = Debug|Any CPU
		{DEA40D7A-1C2A-4895-9E77-C92509618AB6}.Release|Any CPU.ActiveCfg = Release|Any CPU
		{DEA40D7A-1C2A-4895-9E77-C92509618AB6}.Release|Any CPU.Build.0 = Release|Any CPU
		{1E6D227E-50AD-420C-A6C6-1632A4B321BF}.Debug|Any CPU.ActiveCfg = Debug|Any CPU
		{1E6D227E-50AD-420C-A6C6-1632A4B321BF}.Debug|Any CPU.Build.0 = Debug|Any CPU
		{1E6D227E-50AD-420C-A6C6-1632A4B321BF}.Release|Any CPU.ActiveCfg = Release|Any CPU
		{1E6D227E-50AD-420C-A6C6-1632A4B321BF}.Release|Any CPU.Build.0 = Release|Any CPU
		{2CB6F8A9-DB92-4007-B35D-049FCB3F17F1}.Debug|Any CPU.ActiveCfg = Debug|Any CPU
		{2CB6F8A9-DB92-4007-B35D-049FCB3F17F1}.Debug|Any CPU.Build.0 = Debug|Any CPU
		{2CB6F8A9-DB92-4007-B35D-049FCB3F17F1}.Release|Any CPU.ActiveCfg = Release|Any CPU
		{2CB6F8A9-DB92-4007-B35D-049FCB3F17F1}.Release|Any CPU.Build.0 = Release|Any CPU
		{4F387676-C6A4-4DF1-9FED-F1D6ACD665C8}.Debug|Any CPU.ActiveCfg = Debug|Any CPU
		{4F387676-C6A4-4DF1-9FED-F1D6ACD665C8}.Debug|Any CPU.Build.0 = Debug|Any CPU
		{4F387676-C6A4-4DF1-9FED-F1D6ACD665C8}.Release|Any CPU.ActiveCfg = Release|Any CPU
		{4F387676-C6A4-4DF1-9FED-F1D6ACD665C8}.Release|Any CPU.Build.0 = Release|Any CPU
		{AD9F1FBC-E706-483E-B226-A91296CB4C8C}.Debug|Any CPU.ActiveCfg = Debug|Any CPU
		{AD9F1FBC-E706-483E-B226-A91296CB4C8C}.Debug|Any CPU.Build.0 = Debug|Any CPU
		{AD9F1FBC-E706-483E-B226-A91296CB4C8C}.Release|Any CPU.ActiveCfg = Release|Any CPU
		{AD9F1FBC-E706-483E-B226-A91296CB4C8C}.Release|Any CPU.Build.0 = Release|Any CPU
		{BBBC18B8-6C2C-4080-AC5F-4FE9A20CB290}.Debug|Any CPU.ActiveCfg = Debug|Any CPU
		{BBBC18B8-6C2C-4080-AC5F-4FE9A20CB290}.Debug|Any CPU.Build.0 = Debug|Any CPU
		{BBBC18B8-6C2C-4080-AC5F-4FE9A20CB290}.Release|Any CPU.ActiveCfg = Release|Any CPU
		{BBBC18B8-6C2C-4080-AC5F-4FE9A20CB290}.Release|Any CPU.Build.0 = Release|Any CPU
		{C5C83426-5B22-4A45-92D1-6520D2C86D0D}.Debug|Any CPU.ActiveCfg = Debug|Any CPU
		{C5C83426-5B22-4A45-92D1-6520D2C86D0D}.Debug|Any CPU.Build.0 = Debug|Any CPU
		{C5C83426-5B22-4A45-92D1-6520D2C86D0D}.Release|Any CPU.ActiveCfg = Release|Any CPU
		{C5C83426-5B22-4A45-92D1-6520D2C86D0D}.Release|Any CPU.Build.0 = Release|Any CPU
		{155265D1-9545-4939-BCA5-9B637188E0E7}.Debug|Any CPU.ActiveCfg = Debug|Any CPU
		{155265D1-9545-4939-BCA5-9B637188E0E7}.Debug|Any CPU.Build.0 = Debug|Any CPU
		{155265D1-9545-4939-BCA5-9B637188E0E7}.Release|Any CPU.ActiveCfg = Release|Any CPU
		{155265D1-9545-4939-BCA5-9B637188E0E7}.Release|Any CPU.Build.0 = Release|Any CPU
		{1E56DE79-196B-4D42-89A8-71B7AEDDA154}.Debug|Any CPU.ActiveCfg = Debug|Any CPU
		{1E56DE79-196B-4D42-89A8-71B7AEDDA154}.Debug|Any CPU.Build.0 = Debug|Any CPU
		{1E56DE79-196B-4D42-89A8-71B7AEDDA154}.Release|Any CPU.ActiveCfg = Release|Any CPU
		{1E56DE79-196B-4D42-89A8-71B7AEDDA154}.Release|Any CPU.Build.0 = Release|Any CPU
		{1DB7E605-3762-4FE4-A141-44F0D2E55DD6}.Debug|Any CPU.ActiveCfg = Debug|Any CPU
		{1DB7E605-3762-4FE4-A141-44F0D2E55DD6}.Debug|Any CPU.Build.0 = Debug|Any CPU
		{1DB7E605-3762-4FE4-A141-44F0D2E55DD6}.Release|Any CPU.ActiveCfg = Release|Any CPU
		{1DB7E605-3762-4FE4-A141-44F0D2E55DD6}.Release|Any CPU.Build.0 = Release|Any CPU
		{4D6A6F58-BBC4-472F-BF0D-036066A40165}.Debug|Any CPU.ActiveCfg = Debug|Any CPU
		{4D6A6F58-BBC4-472F-BF0D-036066A40165}.Debug|Any CPU.Build.0 = Debug|Any CPU
		{4D6A6F58-BBC4-472F-BF0D-036066A40165}.Release|Any CPU.ActiveCfg = Release|Any CPU
		{4D6A6F58-BBC4-472F-BF0D-036066A40165}.Release|Any CPU.Build.0 = Release|Any CPU
		{78F6E39E-A82A-49DC-AE28-0878E2D4312B}.Debug|Any CPU.ActiveCfg = Debug|Any CPU
		{78F6E39E-A82A-49DC-AE28-0878E2D4312B}.Debug|Any CPU.Build.0 = Debug|Any CPU
		{78F6E39E-A82A-49DC-AE28-0878E2D4312B}.Release|Any CPU.ActiveCfg = Release|Any CPU
		{78F6E39E-A82A-49DC-AE28-0878E2D4312B}.Release|Any CPU.Build.0 = Release|Any CPU
		{E61DC2B3-A99A-413E-BD1F-160D71D37C51}.Debug|Any CPU.ActiveCfg = Debug|Any CPU
		{E61DC2B3-A99A-413E-BD1F-160D71D37C51}.Debug|Any CPU.Build.0 = Debug|Any CPU
		{E61DC2B3-A99A-413E-BD1F-160D71D37C51}.Release|Any CPU.ActiveCfg = Release|Any CPU
		{E61DC2B3-A99A-413E-BD1F-160D71D37C51}.Release|Any CPU.Build.0 = Release|Any CPU
		{2DEE6C4A-F672-2F9D-F575-3543CB829622}.Debug|Any CPU.ActiveCfg = Debug|Any CPU
		{2DEE6C4A-F672-2F9D-F575-3543CB829622}.Debug|Any CPU.Build.0 = Debug|Any CPU
		{2DEE6C4A-F672-2F9D-F575-3543CB829622}.Release|Any CPU.ActiveCfg = Release|Any CPU
		{2DEE6C4A-F672-2F9D-F575-3543CB829622}.Release|Any CPU.Build.0 = Release|Any CPU
		{30236684-CC71-41A4-A5CF-9702112ECFCC}.Debug|Any CPU.ActiveCfg = Debug|Any CPU
		{30236684-CC71-41A4-A5CF-9702112ECFCC}.Debug|Any CPU.Build.0 = Debug|Any CPU
		{30236684-CC71-41A4-A5CF-9702112ECFCC}.Release|Any CPU.ActiveCfg = Release|Any CPU
		{30236684-CC71-41A4-A5CF-9702112ECFCC}.Release|Any CPU.Build.0 = Release|Any CPU
		{A858457A-C7F7-4B39-B022-62578D4AF32E}.Debug|Any CPU.ActiveCfg = Debug|Any CPU
		{A858457A-C7F7-4B39-B022-62578D4AF32E}.Debug|Any CPU.Build.0 = Debug|Any CPU
		{A858457A-C7F7-4B39-B022-62578D4AF32E}.Release|Any CPU.ActiveCfg = Release|Any CPU
		{A858457A-C7F7-4B39-B022-62578D4AF32E}.Release|Any CPU.Build.0 = Release|Any CPU
		{7A625576-9E3D-4E75-8167-6B2DA430ACE1}.Debug|Any CPU.ActiveCfg = Debug|Any CPU
		{7A625576-9E3D-4E75-8167-6B2DA430ACE1}.Debug|Any CPU.Build.0 = Debug|Any CPU
		{7A625576-9E3D-4E75-8167-6B2DA430ACE1}.Release|Any CPU.ActiveCfg = Release|Any CPU
		{7A625576-9E3D-4E75-8167-6B2DA430ACE1}.Release|Any CPU.Build.0 = Release|Any CPU
		{412844EF-319E-4E69-B05B-38DFA8BBA637}.Debug|Any CPU.ActiveCfg = Debug|Any CPU
		{412844EF-319E-4E69-B05B-38DFA8BBA637}.Debug|Any CPU.Build.0 = Debug|Any CPU
		{412844EF-319E-4E69-B05B-38DFA8BBA637}.Release|Any CPU.ActiveCfg = Release|Any CPU
		{412844EF-319E-4E69-B05B-38DFA8BBA637}.Release|Any CPU.Build.0 = Release|Any CPU
		{C3650B84-A22C-4CC7-96BF-433F25EC3A36}.Debug|Any CPU.ActiveCfg = Debug|Any CPU
		{C3650B84-A22C-4CC7-96BF-433F25EC3A36}.Debug|Any CPU.Build.0 = Debug|Any CPU
		{C3650B84-A22C-4CC7-96BF-433F25EC3A36}.Release|Any CPU.ActiveCfg = Release|Any CPU
		{C3650B84-A22C-4CC7-96BF-433F25EC3A36}.Release|Any CPU.Build.0 = Release|Any CPU
		{A278CFEE-2AA4-4AEC-BCFF-AFFFF4FD39B3}.Debug|Any CPU.ActiveCfg = Debug|Any CPU
		{A278CFEE-2AA4-4AEC-BCFF-AFFFF4FD39B3}.Debug|Any CPU.Build.0 = Debug|Any CPU
		{A278CFEE-2AA4-4AEC-BCFF-AFFFF4FD39B3}.Release|Any CPU.ActiveCfg = Release|Any CPU
		{A278CFEE-2AA4-4AEC-BCFF-AFFFF4FD39B3}.Release|Any CPU.Build.0 = Release|Any CPU
		{8D95CF32-92F6-46CF-9345-BBA3765D0699}.Debug|Any CPU.ActiveCfg = Debug|Any CPU
		{8D95CF32-92F6-46CF-9345-BBA3765D0699}.Debug|Any CPU.Build.0 = Debug|Any CPU
		{8D95CF32-92F6-46CF-9345-BBA3765D0699}.Release|Any CPU.ActiveCfg = Release|Any CPU
		{8D95CF32-92F6-46CF-9345-BBA3765D0699}.Release|Any CPU.Build.0 = Release|Any CPU
		{00740FF6-C475-4D9D-8DE4-E6D5E80B0460}.Debug|Any CPU.ActiveCfg = Debug|Any CPU
		{00740FF6-C475-4D9D-8DE4-E6D5E80B0460}.Debug|Any CPU.Build.0 = Debug|Any CPU
		{00740FF6-C475-4D9D-8DE4-E6D5E80B0460}.Release|Any CPU.ActiveCfg = Release|Any CPU
		{00740FF6-C475-4D9D-8DE4-E6D5E80B0460}.Release|Any CPU.Build.0 = Release|Any CPU
		{318F27FA-76AE-4B12-973E-6313FFDB8D03}.Debug|Any CPU.ActiveCfg = Debug|Any CPU
		{318F27FA-76AE-4B12-973E-6313FFDB8D03}.Debug|Any CPU.Build.0 = Debug|Any CPU
		{318F27FA-76AE-4B12-973E-6313FFDB8D03}.Release|Any CPU.ActiveCfg = Release|Any CPU
		{318F27FA-76AE-4B12-973E-6313FFDB8D03}.Release|Any CPU.Build.0 = Release|Any CPU
		{CCC61793-1308-A4CA-9805-7B71EF8D3D1D}.Debug|Any CPU.ActiveCfg = Debug|Any CPU
		{CCC61793-1308-A4CA-9805-7B71EF8D3D1D}.Debug|Any CPU.Build.0 = Debug|Any CPU
		{CCC61793-1308-A4CA-9805-7B71EF8D3D1D}.Release|Any CPU.ActiveCfg = Release|Any CPU
		{CCC61793-1308-A4CA-9805-7B71EF8D3D1D}.Release|Any CPU.Build.0 = Release|Any CPU
		{2F6A392B-F25B-A1B2-6A4C-AF0EC41110E2}.Debug|Any CPU.ActiveCfg = Debug|Any CPU
		{2F6A392B-F25B-A1B2-6A4C-AF0EC41110E2}.Debug|Any CPU.Build.0 = Debug|Any CPU
		{2F6A392B-F25B-A1B2-6A4C-AF0EC41110E2}.Release|Any CPU.ActiveCfg = Release|Any CPU
		{2F6A392B-F25B-A1B2-6A4C-AF0EC41110E2}.Release|Any CPU.Build.0 = Release|Any CPU
		{C11CA264-0FB5-7137-F95A-4F32D34D22F2}.Debug|Any CPU.ActiveCfg = Debug|Any CPU
		{C11CA264-0FB5-7137-F95A-4F32D34D22F2}.Debug|Any CPU.Build.0 = Debug|Any CPU
		{C11CA264-0FB5-7137-F95A-4F32D34D22F2}.Release|Any CPU.ActiveCfg = Release|Any CPU
		{C11CA264-0FB5-7137-F95A-4F32D34D22F2}.Release|Any CPU.Build.0 = Release|Any CPU
		{15E341E2-9061-D7C7-7CA6-2C247EC9D185}.Debug|Any CPU.ActiveCfg = Debug|Any CPU
		{15E341E2-9061-D7C7-7CA6-2C247EC9D185}.Debug|Any CPU.Build.0 = Debug|Any CPU
		{15E341E2-9061-D7C7-7CA6-2C247EC9D185}.Release|Any CPU.ActiveCfg = Release|Any CPU
		{15E341E2-9061-D7C7-7CA6-2C247EC9D185}.Release|Any CPU.Build.0 = Release|Any CPU
		{D608915B-8CF2-74B5-2286-8223C917916C}.Debug|Any CPU.ActiveCfg = Debug|Any CPU
		{D608915B-8CF2-74B5-2286-8223C917916C}.Debug|Any CPU.Build.0 = Debug|Any CPU
		{D608915B-8CF2-74B5-2286-8223C917916C}.Release|Any CPU.ActiveCfg = Release|Any CPU
		{D608915B-8CF2-74B5-2286-8223C917916C}.Release|Any CPU.Build.0 = Release|Any CPU
		{71B1A5F1-9267-D709-638C-0739BF192C30}.Debug|Any CPU.ActiveCfg = Debug|Any CPU
		{71B1A5F1-9267-D709-638C-0739BF192C30}.Debug|Any CPU.Build.0 = Debug|Any CPU
		{71B1A5F1-9267-D709-638C-0739BF192C30}.Release|Any CPU.ActiveCfg = Release|Any CPU
		{71B1A5F1-9267-D709-638C-0739BF192C30}.Release|Any CPU.Build.0 = Release|Any CPU
	EndGlobalSection
	GlobalSection(SolutionProperties) = preSolution
		HideSolutionNode = FALSE
	EndGlobalSection
	GlobalSection(NestedProjects) = preSolution
		{BF0FD087-E9FE-15F3-20D6-3DD8202CC29E} = {FF042CFD-84F6-4B27-AD0A-82FDDA70FD7A}
		{CD13E7B6-14D8-75D4-5EE6-EE9B44808452} = {B9678CE3-F627-46CE-ADBE-94C97E592878}
		{DEA40D7A-1C2A-4895-9E77-C92509618AB6} = {FF042CFD-84F6-4B27-AD0A-82FDDA70FD7A}
		{1E6D227E-50AD-420C-A6C6-1632A4B321BF} = {FF042CFD-84F6-4B27-AD0A-82FDDA70FD7A}
		{2CB6F8A9-DB92-4007-B35D-049FCB3F17F1} = {FF042CFD-84F6-4B27-AD0A-82FDDA70FD7A}
		{30A19276-ADA1-4256-BAFB-72BF52FF8412} = {4ECEE2E0-B1CF-4170-A03A-6883BFE2ACC9}
		{690ECDFB-1A6E-4047-A446-D759A8D31319} = {4ECEE2E0-B1CF-4170-A03A-6883BFE2ACC9}
		{9AA16FBF-F58C-4013-B2E1-AFBE3DCA52D5} = {4ECEE2E0-B1CF-4170-A03A-6883BFE2ACC9}
		{4F387676-C6A4-4DF1-9FED-F1D6ACD665C8} = {30A19276-ADA1-4256-BAFB-72BF52FF8412}
		{AD9F1FBC-E706-483E-B226-A91296CB4C8C} = {30A19276-ADA1-4256-BAFB-72BF52FF8412}
		{BBBC18B8-6C2C-4080-AC5F-4FE9A20CB290} = {30A19276-ADA1-4256-BAFB-72BF52FF8412}
		{C5C83426-5B22-4A45-92D1-6520D2C86D0D} = {02EA681E-C7D8-13C7-8484-4AC65E1B71E8}
		{EECED1FB-C3AE-42D0-A903-455B888463CE} = {4ECEE2E0-B1CF-4170-A03A-6883BFE2ACC9}
		{155265D1-9545-4939-BCA5-9B637188E0E7} = {EECED1FB-C3AE-42D0-A903-455B888463CE}
		{1E56DE79-196B-4D42-89A8-71B7AEDDA154} = {EECED1FB-C3AE-42D0-A903-455B888463CE}
		{1DB7E605-3762-4FE4-A141-44F0D2E55DD6} = {EECED1FB-C3AE-42D0-A903-455B888463CE}
		{47B09538-129E-4AB1-ADE0-C71A95FF6F7C} = {4ECEE2E0-B1CF-4170-A03A-6883BFE2ACC9}
		{4D6A6F58-BBC4-472F-BF0D-036066A40165} = {47B09538-129E-4AB1-ADE0-C71A95FF6F7C}
		{78F6E39E-A82A-49DC-AE28-0878E2D4312B} = {47B09538-129E-4AB1-ADE0-C71A95FF6F7C}
		{E61DC2B3-A99A-413E-BD1F-160D71D37C51} = {47B09538-129E-4AB1-ADE0-C71A95FF6F7C}
		{2DEE6C4A-F672-2F9D-F575-3543CB829622} = {B9678CE3-F627-46CE-ADBE-94C97E592878}
		{CC955E1F-1AD6-46C5-9DD4-03D53824FEAE} = {4ECEE2E0-B1CF-4170-A03A-6883BFE2ACC9}
		{CB08AA08-D7EC-4271-B073-D20E0A4B432C} = {4ECEE2E0-B1CF-4170-A03A-6883BFE2ACC9}
		{30236684-CC71-41A4-A5CF-9702112ECFCC} = {CB08AA08-D7EC-4271-B073-D20E0A4B432C}
		{A858457A-C7F7-4B39-B022-62578D4AF32E} = {CB08AA08-D7EC-4271-B073-D20E0A4B432C}
		{7A625576-9E3D-4E75-8167-6B2DA430ACE1} = {CB08AA08-D7EC-4271-B073-D20E0A4B432C}
		{412844EF-319E-4E69-B05B-38DFA8BBA637} = {CC955E1F-1AD6-46C5-9DD4-03D53824FEAE}
		{C3650B84-A22C-4CC7-96BF-433F25EC3A36} = {CC955E1F-1AD6-46C5-9DD4-03D53824FEAE}
		{A278CFEE-2AA4-4AEC-BCFF-AFFFF4FD39B3} = {CC955E1F-1AD6-46C5-9DD4-03D53824FEAE}
		{6F6DE44C-7AE6-4566-8633-BCB0C75A59F0} = {4ECEE2E0-B1CF-4170-A03A-6883BFE2ACC9}
		{8D95CF32-92F6-46CF-9345-BBA3765D0699} = {6F6DE44C-7AE6-4566-8633-BCB0C75A59F0}
		{00740FF6-C475-4D9D-8DE4-E6D5E80B0460} = {6F6DE44C-7AE6-4566-8633-BCB0C75A59F0}
		{318F27FA-76AE-4B12-973E-6313FFDB8D03} = {6F6DE44C-7AE6-4566-8633-BCB0C75A59F0}
		{CCC61793-1308-A4CA-9805-7B71EF8D3D1D} = {9AA16FBF-F58C-4013-B2E1-AFBE3DCA52D5}
		{2F6A392B-F25B-A1B2-6A4C-AF0EC41110E2} = {9AA16FBF-F58C-4013-B2E1-AFBE3DCA52D5}
		{C11CA264-0FB5-7137-F95A-4F32D34D22F2} = {9AA16FBF-F58C-4013-B2E1-AFBE3DCA52D5}
		{15E341E2-9061-D7C7-7CA6-2C247EC9D185} = {690ECDFB-1A6E-4047-A446-D759A8D31319}
		{D608915B-8CF2-74B5-2286-8223C917916C} = {690ECDFB-1A6E-4047-A446-D759A8D31319}
		{71B1A5F1-9267-D709-638C-0739BF192C30} = {690ECDFB-1A6E-4047-A446-D759A8D31319}
	EndGlobalSection
	GlobalSection(ExtensibilityGlobals) = postSolution
		SolutionGuid = {E37C7C15-3731-4CD0-92C8-86A0677F929F}
	EndGlobalSection
EndGlobal
